
Microsoft Visual Studio Solution File, Format Version 12.00
# Visual Studio Version 17
VisualStudioVersion = 17.14.36408.4
MinimumVisualStudioVersion = 10.0.40219.1
Project("{FAE04EC0-301F-11D3-BF4B-00C04F79EFBC}") = "matheus_2ds", "matheus_2ds.csproj", "{90C3335F-F391-4DEF-82D8-52518E3C7637}"
EndProject
Global
	GlobalSection(SolutionConfigurationPlatforms) = preSolution
		Debug|Any CPU = Debug|Any CPU
		Release|Any CPU = Release|Any CPU
	EndGlobalSection
	GlobalSection(ProjectConfigurationPlatforms) = postSolution
		{90C3335F-F391-4DEF-82D8-52518E3C7637}.Debug|Any CPU.ActiveCfg = Debug|Any CPU
		{90C3335F-F391-4DEF-82D8-52518E3C7637}.Debug|Any CPU.Build.0 = Debug|Any CPU
		{90C3335F-F391-4DEF-82D8-52518E3C7637}.Release|Any CPU.ActiveCfg = Release|Any CPU
		{90C3335F-F391-4DEF-82D8-52518E3C7637}.Release|Any CPU.Build.0 = Release|Any CPU
	EndGlobalSection
	GlobalSection(SolutionProperties) = preSolution
		HideSolutionNode = FALSE
	EndGlobalSection
	GlobalSection(ExtensibilityGlobals) = postSolution
		SolutionGuid = {AC5EB208-83B3-4241-ADDC-80DACA27F614}
	EndGlobalSection
EndGlobal
